
Microsoft Visual Studio Solution File, Format Version 12.00
# Visual Studio Version 16
VisualStudioVersion = 16.0.30114.105
MinimumVisualStudioVersion = 10.0.40219.1
Project("{FAE04EC0-301F-11D3-BF4B-00C04F79EFBC}") = "EventsAndDelegates", "EventsAndDelegates\EventsAndDelegates.csproj", "{0B1497EE-09B5-441F-BC49-1C90F9982D2D}"
EndProject
Global
	GlobalSection(SolutionConfigurationPlatforms) = preSolution
		Debug|Any CPU = Debug|Any CPU
		Release|Any CPU = Release|Any CPU
	EndGlobalSection
	GlobalSection(ProjectConfigurationPlatforms) = postSolution
		{0B1497EE-09B5-441F-BC49-1C90F9982D2D}.Debug|Any CPU.ActiveCfg = Debug|Any CPU
		{0B1497EE-09B5-441F-BC49-1C90F9982D2D}.Debug|Any CPU.Build.0 = Debug|Any CPU
		{0B1497EE-09B5-441F-BC49-1C90F9982D2D}.Release|Any CPU.ActiveCfg = Release|Any CPU
		{0B1497EE-09B5-441F-BC49-1C90F9982D2D}.Release|Any CPU.Build.0 = Release|Any CPU
	EndGlobalSection
	GlobalSection(SolutionProperties) = preSolution
		HideSolutionNode = FALSE
	EndGlobalSection
	GlobalSection(ExtensibilityGlobals) = postSolution
		SolutionGuid = {1A7D380A-7550-4600-94B7-45E593882E42}
	EndGlobalSection
EndGlobal
